
Microsoft Visual Studio Solution File, Format Version 12.00
# Visual Studio Version 17
VisualStudioVersion = 17.14.36203.30 d17.14
MinimumVisualStudioVersion = 10.0.40219.1
Project("{FAE04EC0-301F-11D3-BF4B-00C04F79EFBC}") = "DoneIt", "DoneIt\DoneIt.csproj", "{676B5C8F-DBC4-46FB-ABF4-38F15835E883}"
EndProject
Global
	GlobalSection(SolutionConfigurationPlatforms) = preSolution
		Debug|Any CPU = Debug|Any CPU
		Release|Any CPU = Release|Any CPU
	EndGlobalSection
	GlobalSection(ProjectConfigurationPlatforms) = postSolution
		{676B5C8F-DBC4-46FB-ABF4-38F15835E883}.Debug|Any CPU.ActiveCfg = Debug|Any CPU
		{676B5C8F-DBC4-46FB-ABF4-38F15835E883}.Debug|Any CPU.Build.0 = Debug|Any CPU
		{676B5C8F-DBC4-46FB-ABF4-38F15835E883}.Release|Any CPU.ActiveCfg = Release|Any CPU
		{676B5C8F-DBC4-46FB-ABF4-38F15835E883}.Release|Any CPU.Build.0 = Release|Any CPU
	EndGlobalSection
	GlobalSection(SolutionProperties) = preSolution
		HideSolutionNode = FALSE
	EndGlobalSection
	GlobalSection(ExtensibilityGlobals) = postSolution
		SolutionGuid = {02E58A9E-7631-4095-96C2-BEA173BCD5C7}
	EndGlobalSection
EndGlobal
